
Microsoft Visual Studio Solution File, Format Version 12.00
# Visual Studio Version 16
VisualStudioVersion = 16.0.32106.194
MinimumVisualStudioVersion = 10.0.40219.1
Project("{FAE04EC0-301F-11D3-BF4B-00C04F79EFBC}") = "TravelTripProje", "TravelTripProje\TravelTripProje.csproj", "{5ABA9E8D-3735-42D9-935E-936BE81371F6}"
EndProject
Global
	GlobalSection(SolutionConfigurationPlatforms) = preSolution
		Debug|Any CPU = Debug|Any CPU
		Release|Any CPU = Release|Any CPU
	EndGlobalSection
	GlobalSection(ProjectConfigurationPlatforms) = postSolution
		{5ABA9E8D-3735-42D9-935E-936BE81371F6}.Debug|Any CPU.ActiveCfg = Debug|Any CPU
		{5ABA9E8D-3735-42D9-935E-936BE81371F6}.Debug|Any CPU.Build.0 = Debug|Any CPU
		{5ABA9E8D-3735-42D9-935E-936BE81371F6}.Release|Any CPU.ActiveCfg = Release|Any CPU
		{5ABA9E8D-3735-42D9-935E-936BE81371F6}.Release|Any CPU.Build.0 = Release|Any CPU
	EndGlobalSection
	GlobalSection(SolutionProperties) = preSolution
		HideSolutionNode = FALSE
	EndGlobalSection
	GlobalSection(ExtensibilityGlobals) = postSolution
		SolutionGuid = {B9DF144A-A620-4618-B847-B30392EBA178}
	EndGlobalSection
EndGlobal
